
Microsoft Visual Studio Solution File, Format Version 12.00
# Visual Studio 15
VisualStudioVersion = 15.0.28307.1433
MinimumVisualStudioVersion = 10.0.40219.1
Project("{FAE04EC0-301F-11D3-BF4B-00C04F79EFBC}") = "CSF1Homework", "CSF1Homework\CSF1Homework.csproj", "{8B2F48A1-D8C2-4090-B1AD-8EFAF693E027}"
EndProject
Global
	GlobalSection(SolutionConfigurationPlatforms) = preSolution
		Debug|Any CPU = Debug|Any CPU
		Release|Any CPU = Release|Any CPU
	EndGlobalSection
	GlobalSection(ProjectConfigurationPlatforms) = postSolution
		{8B2F48A1-D8C2-4090-B1AD-8EFAF693E027}.Debug|Any CPU.ActiveCfg = Debug|Any CPU
		{8B2F48A1-D8C2-4090-B1AD-8EFAF693E027}.Debug|Any CPU.Build.0 = Debug|Any CPU
		{8B2F48A1-D8C2-4090-B1AD-8EFAF693E027}.Release|Any CPU.ActiveCfg = Release|Any CPU
		{8B2F48A1-D8C2-4090-B1AD-8EFAF693E027}.Release|Any CPU.Build.0 = Release|Any CPU
	EndGlobalSection
	GlobalSection(SolutionProperties) = preSolution
		HideSolutionNode = FALSE
	EndGlobalSection
	GlobalSection(ExtensibilityGlobals) = postSolution
		SolutionGuid = {9CEE069E-2B15-4EDE-8ED2-239FD3016C8F}
	EndGlobalSection
EndGlobal
